
Microsoft Visual Studio Solution File, Format Version 12.00
# Visual Studio Version 17
VisualStudioVersion = 17.0.31912.275
MinimumVisualStudioVersion = 14.0.25420.1
Project("{9A19103F-16F7-4668-BE54-9A1E7A4F7556}") = "mRemoteNG", "mRemoteNG\mRemoteNG.csproj", "{4934A491-40BC-4E5B-9166-EA1169A220F6}"
EndProject
Project("{9A19103F-16F7-4668-BE54-9A1E7A4F7556}") = "ExternalConnectors", "ExternalConnectors\ExternalConnectors.csproj", "{A56A2029-79B8-492A-ABE5-D2BFE05801BD}"
EndProject
Project("{FAE04EC0-301F-11D3-BF4B-00C04F79EFBC}") = "ObjectListView.NetCore", "ObjectListView\ObjectListView.NetCore.csproj", "{5718734C-03AC-4954-89B1-1723CF03AF10}"
EndProject
Project("{9A19103F-16F7-4668-BE54-9A1E7A4F7556}") = "mRemoteNGTests", "mRemoteNGTests\mRemoteNGTests.csproj", "{B5CD6448-41AE-4D2E-8F20-1E2A81B8B8E4}"
EndProject
Project("{9A19103F-16F7-4668-BE54-9A1E7A4F7556}") = "mRemoteNG.Platform", "mRemoteNG.Platform\mRemoteNG.Platform.csproj", "{C1000001-0001-0001-0001-000000000001}"
EndProject
Project("{9A19103F-16F7-4668-BE54-9A1E7A4F7556}") = "mRemoteNG.Platform.Windows", "mRemoteNG.Platform.Windows\mRemoteNG.Platform.Windows.csproj", "{C1000002-0002-0002-0002-000000000002}"
EndProject
Project("{9A19103F-16F7-4668-BE54-9A1E7A4F7556}") = "mRemoteNG.Platform.Linux", "mRemoteNG.Platform.Linux\mRemoteNG.Platform.Linux.csproj", "{C1000003-0003-0003-0003-000000000003}"
EndProject
Project("{9A19103F-16F7-4668-BE54-9A1E7A4F7556}") = "mRemoteNG.Platform.Mac", "mRemoteNG.Platform.Mac\mRemoteNG.Platform.Mac.csproj", "{C1000004-0004-0004-0004-000000000004}"
EndProject
Project("{9A19103F-16F7-4668-BE54-9A1E7A4F7556}") = "mRemoteNG.Avalonia", "mRemoteNG.Avalonia\mRemoteNG.Avalonia.csproj", "{C1000005-0005-0005-0005-000000000005}"
EndProject
Project("{9A19103F-16F7-4668-BE54-9A1E7A4F7556}") = "mRemoteNG.Protocols", "mRemoteNG.Protocols\mRemoteNG.Protocols.csproj", "{C1000006-0006-0006-0006-000000000006}"
EndProject
Project("{9A19103F-16F7-4668-BE54-9A1E7A4F7556}") = "mRemoteNG.Tests.CrossPlatform", "mRemoteNG.Tests.CrossPlatform\mRemoteNG.Tests.CrossPlatform.csproj", "{C1000007-0007-0007-0007-000000000007}"
EndProject
Project("{9A19103F-16F7-4668-BE54-9A1E7A4F7556}") = "mRemoteNG.Core", "mRemoteNG.Core\mRemoteNG.Core.csproj", "{C1000008-0008-0008-0008-000000000008}"
EndProject
Global
	GlobalSection(SolutionConfigurationPlatforms) = preSolution
		Debug|arm64 = Debug|arm64
		Debug|x64 = Debug|x64
		Release Self-Contained|arm64 = Release Self-Contained|arm64
		Release Self-Contained|x64 = Release Self-Contained|x64
		Release|arm64 = Release|arm64
		Release|x64 = Release|x64
	EndGlobalSection
	GlobalSection(ProjectConfigurationPlatforms) = postSolution
		{4934A491-40BC-4E5B-9166-EA1169A220F6}.Debug|arm64.ActiveCfg = Debug|arm64
		{4934A491-40BC-4E5B-9166-EA1169A220F6}.Debug|arm64.Build.0 = Debug|arm64
		{4934A491-40BC-4E5B-9166-EA1169A220F6}.Debug|x64.ActiveCfg = Debug|x64
		{4934A491-40BC-4E5B-9166-EA1169A220F6}.Debug|x64.Build.0 = Debug|x64
		{4934A491-40BC-4E5B-9166-EA1169A220F6}.Release Self-Contained|arm64.ActiveCfg = Release Self-Contained|arm64
		{4934A491-40BC-4E5B-9166-EA1169A220F6}.Release Self-Contained|arm64.Build.0 = Release Self-Contained|arm64
		{4934A491-40BC-4E5B-9166-EA1169A220F6}.Release Self-Contained|x64.ActiveCfg = Release Self-Contained|x64
		{4934A491-40BC-4E5B-9166-EA1169A220F6}.Release Self-Contained|x64.Build.0 = Release Self-Contained|x64
		{4934A491-40BC-4E5B-9166-EA1169A220F6}.Release|arm64.ActiveCfg = Release|arm64
		{4934A491-40BC-4E5B-9166-EA1169A220F6}.Release|arm64.Build.0 = Release|arm64
		{4934A491-40BC-4E5B-9166-EA1169A220F6}.Release|x64.ActiveCfg = Release|x64
		{4934A491-40BC-4E5B-9166-EA1169A220F6}.Release|x64.Build.0 = Release|x64
		{A56A2029-79B8-492A-ABE5-D2BFE05801BD}.Debug|arm64.ActiveCfg = Debug|arm64
		{A56A2029-79B8-492A-ABE5-D2BFE05801BD}.Debug|arm64.Build.0 = Debug|arm64
		{A56A2029-79B8-492A-ABE5-D2BFE05801BD}.Debug|x64.ActiveCfg = Debug|x64
		{A56A2029-79B8-492A-ABE5-D2BFE05801BD}.Debug|x64.Build.0 = Debug|x64
		{A56A2029-79B8-492A-ABE5-D2BFE05801BD}.Release Self-Contained|arm64.ActiveCfg = Release Self-Contained|arm64
		{A56A2029-79B8-492A-ABE5-D2BFE05801BD}.Release Self-Contained|arm64.Build.0 = Release Self-Contained|arm64
		{A56A2029-79B8-492A-ABE5-D2BFE05801BD}.Release Self-Contained|x64.ActiveCfg = Release Self-Contained|x64
		{A56A2029-79B8-492A-ABE5-D2BFE05801BD}.Release Self-Contained|x64.Build.0 = Release Self-Contained|x64
		{A56A2029-79B8-492A-ABE5-D2BFE05801BD}.Release|arm64.ActiveCfg = Release|arm64
		{A56A2029-79B8-492A-ABE5-D2BFE05801BD}.Release|arm64.Build.0 = Release|arm64
		{A56A2029-79B8-492A-ABE5-D2BFE05801BD}.Release|x64.ActiveCfg = Release|x64
		{A56A2029-79B8-492A-ABE5-D2BFE05801BD}.Release|x64.Build.0 = Release|x64
		{5718734C-03AC-4954-89B1-1723CF03AF10}.Debug|arm64.ActiveCfg = Debug|Any CPU
		{5718734C-03AC-4954-89B1-1723CF03AF10}.Debug|arm64.Build.0 = Debug|Any CPU
		{5718734C-03AC-4954-89B1-1723CF03AF10}.Debug|x64.ActiveCfg = Debug|Any CPU
		{5718734C-03AC-4954-89B1-1723CF03AF10}.Debug|x64.Build.0 = Debug|Any CPU
		{5718734C-03AC-4954-89B1-1723CF03AF10}.Release Self-Contained|arm64.ActiveCfg = Release|Any CPU
		{5718734C-03AC-4954-89B1-1723CF03AF10}.Release Self-Contained|arm64.Build.0 = Release|Any CPU
		{5718734C-03AC-4954-89B1-1723CF03AF10}.Release Self-Contained|x64.ActiveCfg = Release|Any CPU
		{5718734C-03AC-4954-89B1-1723CF03AF10}.Release Self-Contained|x64.Build.0 = Release|Any CPU
		{5718734C-03AC-4954-89B1-1723CF03AF10}.Release|arm64.ActiveCfg = Release|Any CPU
		{5718734C-03AC-4954-89B1-1723CF03AF10}.Release|arm64.Build.0 = Release|Any CPU
		{5718734C-03AC-4954-89B1-1723CF03AF10}.Release|x64.ActiveCfg = Release|Any CPU
		{5718734C-03AC-4954-89B1-1723CF03AF10}.Release|x64.Build.0 = Release|Any CPU
		{B5CD6448-41AE-4D2E-8F20-1E2A81B8B8E4}.Debug|arm64.ActiveCfg = Debug|arm64
		{B5CD6448-41AE-4D2E-8F20-1E2A81B8B8E4}.Debug|arm64.Build.0 = Debug|arm64
		{B5CD6448-41AE-4D2E-8F20-1E2A81B8B8E4}.Debug|x64.ActiveCfg = Debug|x64
		{B5CD6448-41AE-4D2E-8F20-1E2A81B8B8E4}.Debug|x64.Build.0 = Debug|x64
		{B5CD6448-41AE-4D2E-8F20-1E2A81B8B8E4}.Release Self-Contained|arm64.ActiveCfg = Release|arm64
		{B5CD6448-41AE-4D2E-8F20-1E2A81B8B8E4}.Release Self-Contained|arm64.Build.0 = Release|arm64
		{B5CD6448-41AE-4D2E-8F20-1E2A81B8B8E4}.Release Self-Contained|x64.ActiveCfg = Release|x64
		{B5CD6448-41AE-4D2E-8F20-1E2A81B8B8E4}.Release Self-Contained|x64.Build.0 = Release|x64
		{B5CD6448-41AE-4D2E-8F20-1E2A81B8B8E4}.Release|arm64.ActiveCfg = Release|arm64
		{B5CD6448-41AE-4D2E-8F20-1E2A81B8B8E4}.Release|arm64.Build.0 = Release|arm64
		{B5CD6448-41AE-4D2E-8F20-1E2A81B8B8E4}.Release|x64.ActiveCfg = Release|x64
		{B5CD6448-41AE-4D2E-8F20-1E2A81B8B8E4}.Release|x64.Build.0 = Release|x64
		{C1000006-0006-0006-0006-000000000006}.Debug|arm64.ActiveCfg = Debug|arm64
		{C1000006-0006-0006-0006-000000000006}.Debug|arm64.Build.0 = Debug|arm64
		{C1000006-0006-0006-0006-000000000006}.Debug|x64.ActiveCfg = Debug|x64
		{C1000006-0006-0006-0006-000000000006}.Debug|x64.Build.0 = Debug|x64
		{C1000006-0006-0006-0006-000000000006}.Release Self-Contained|arm64.ActiveCfg = Release|arm64
		{C1000006-0006-0006-0006-000000000006}.Release Self-Contained|arm64.Build.0 = Release|arm64
		{C1000006-0006-0006-0006-000000000006}.Release Self-Contained|x64.ActiveCfg = Release|x64
		{C1000006-0006-0006-0006-000000000006}.Release Self-Contained|x64.Build.0 = Release|x64
		{C1000006-0006-0006-0006-000000000006}.Release|arm64.ActiveCfg = Release|arm64
		{C1000006-0006-0006-0006-000000000006}.Release|arm64.Build.0 = Release|arm64
		{C1000006-0006-0006-0006-000000000006}.Release|x64.ActiveCfg = Release|x64
		{C1000006-0006-0006-0006-000000000006}.Release|x64.Build.0 = Release|x64
		{C1000007-0007-0007-0007-000000000007}.Debug|arm64.ActiveCfg = Debug|arm64
		{C1000007-0007-0007-0007-000000000007}.Debug|arm64.Build.0 = Debug|arm64
		{C1000007-0007-0007-0007-000000000007}.Debug|x64.ActiveCfg = Debug|x64
		{C1000007-0007-0007-0007-000000000007}.Debug|x64.Build.0 = Debug|x64
		{C1000007-0007-0007-0007-000000000007}.Release Self-Contained|arm64.ActiveCfg = Release|arm64
		{C1000007-0007-0007-0007-000000000007}.Release Self-Contained|arm64.Build.0 = Release|arm64
		{C1000007-0007-0007-0007-000000000007}.Release Self-Contained|x64.ActiveCfg = Release|x64
		{C1000007-0007-0007-0007-000000000007}.Release Self-Contained|x64.Build.0 = Release|x64
		{C1000007-0007-0007-0007-000000000007}.Release|arm64.ActiveCfg = Release|arm64
		{C1000007-0007-0007-0007-000000000007}.Release|arm64.Build.0 = Release|arm64
		{C1000007-0007-0007-0007-000000000007}.Release|x64.ActiveCfg = Release|x64
		{C1000007-0007-0007-0007-000000000007}.Release|x64.Build.0 = Release|x64
		{C1000008-0008-0008-0008-000000000008}.Debug|arm64.ActiveCfg = Debug|Any CPU
		{C1000008-0008-0008-0008-000000000008}.Debug|arm64.Build.0 = Debug|Any CPU
		{C1000008-0008-0008-0008-000000000008}.Debug|x64.ActiveCfg = Debug|Any CPU
		{C1000008-0008-0008-0008-000000000008}.Debug|x64.Build.0 = Debug|Any CPU
		{C1000008-0008-0008-0008-000000000008}.Release Self-Contained|arm64.ActiveCfg = Release|Any CPU
		{C1000008-0008-0008-0008-000000000008}.Release Self-Contained|arm64.Build.0 = Release|Any CPU
		{C1000008-0008-0008-0008-000000000008}.Release Self-Contained|x64.ActiveCfg = Release|Any CPU
		{C1000008-0008-0008-0008-000000000008}.Release Self-Contained|x64.Build.0 = Release|Any CPU
		{C1000008-0008-0008-0008-000000000008}.Release|arm64.ActiveCfg = Release|Any CPU
		{C1000008-0008-0008-0008-000000000008}.Release|arm64.Build.0 = Release|Any CPU
		{C1000008-0008-0008-0008-000000000008}.Release|x64.ActiveCfg = Release|Any CPU
		{C1000008-0008-0008-0008-000000000008}.Release|x64.Build.0 = Release|Any CPU
	EndGlobalSection
	GlobalSection(SolutionProperties) = preSolution
		HideSolutionNode = FALSE
	EndGlobalSection
	GlobalSection(ExtensibilityGlobals) = postSolution
		SolutionGuid = {5D390A0C-2FC4-4908-B86E-7E4DEF5916EC}
	EndGlobalSection
EndGlobal
